// !$*UTF8*$!
{
	archiveVersion = 1;
	classes = {
	};
	objectVersion = 50;
	objects = {

/* Begin PBXBuildFile section */
		00DFCAB555F91AE6CE465C62 /* Pods_WubbaLubbaDubDubTests.framework in Frameworks */ = {isa = PBXBuildFile; fileRef = 374CEEC33BB0A7ED037DE5CE /* Pods_WubbaLubbaDubDubTests.framework */; };
		30823577BC7EBC1B714941CC /* Pods_WubbaLubbaDubDub.framework in Frameworks */ = {isa = PBXBuildFile; fileRef = CB4FE823FE417BE2C077DCFF /* Pods_WubbaLubbaDubDub.framework */; };
		BD21909E21BEE00000AC7EA2 /* AppDelegate.swift in Sources */ = {isa = PBXBuildFile; fileRef = BD21909D21BEE00000AC7EA2 /* AppDelegate.swift */; };
		BD2190A321BEE00000AC7EA2 /* Main.storyboard in Resources */ = {isa = PBXBuildFile; fileRef = BD2190A121BEE00000AC7EA2 /* Main.storyboard */; };
		BD2190A621BEE00000AC7EA2 /* WubbaLubbaDubDub.xcdatamodeld in Sources */ = {isa = PBXBuildFile; fileRef = BD2190A421BEE00000AC7EA2 /* WubbaLubbaDubDub.xcdatamodeld */; };
		BD2190A821BEE00200AC7EA2 /* Assets.xcassets in Resources */ = {isa = PBXBuildFile; fileRef = BD2190A721BEE00200AC7EA2 /* Assets.xcassets */; };
		BD2190AB21BEE00200AC7EA2 /* LaunchScreen.storyboard in Resources */ = {isa = PBXBuildFile; fileRef = BD2190A921BEE00200AC7EA2 /* LaunchScreen.storyboard */; };
		BD2190C121BEE00200AC7EA2 /* WubbaLubbaDubDubUITests.swift in Sources */ = {isa = PBXBuildFile; fileRef = BD2190C021BEE00200AC7EA2 /* WubbaLubbaDubDubUITests.swift */; };
		BD3AAF8321DF76A700112CBC /* CharactersList.storyboard in Resources */ = {isa = PBXBuildFile; fileRef = BD3AAF7D21DF76A700112CBC /* CharactersList.storyboard */; };
		BD3AAF8421DF76A700112CBC /* CharactersListPresenter.swift in Sources */ = {isa = PBXBuildFile; fileRef = BD3AAF7E21DF76A700112CBC /* CharactersListPresenter.swift */; };
		BD3AAF8521DF76A700112CBC /* CharactersListRouter.swift in Sources */ = {isa = PBXBuildFile; fileRef = BD3AAF7F21DF76A700112CBC /* CharactersListRouter.swift */; };
		BD3AAF8621DF76A700112CBC /* CharactersListProtocols.swift in Sources */ = {isa = PBXBuildFile; fileRef = BD3AAF8021DF76A700112CBC /* CharactersListProtocols.swift */; };
		BD3AAF8721DF76A700112CBC /* CharactersListInteractor.swift in Sources */ = {isa = PBXBuildFile; fileRef = BD3AAF8121DF76A700112CBC /* CharactersListInteractor.swift */; };
		BD3AAF8821DF76A700112CBC /* CharactersListView.swift in Sources */ = {isa = PBXBuildFile; fileRef = BD3AAF8221DF76A700112CBC /* CharactersListView.swift */; };
		BD3AAF9221DFB17100112CBC /* CharacterCell.swift in Sources */ = {isa = PBXBuildFile; fileRef = BD3AAF9121DFB17100112CBC /* CharacterCell.swift */; };
		BDDD3FAA21BEE4B00056B919 /* APIClient.swift in Sources */ = {isa = PBXBuildFile; fileRef = BDDD3FA921BEE4B00056B919 /* APIClient.swift */; };
		BDDD3FAC21BEE5140056B919 /* APIError.swift in Sources */ = {isa = PBXBuildFile; fileRef = BDDD3FAB21BEE5140056B919 /* APIError.swift */; };
		BDDD3FAE21BEE5420056B919 /* APIRequest.swift in Sources */ = {isa = PBXBuildFile; fileRef = BDDD3FAD21BEE5420056B919 /* APIRequest.swift */; };
		BDDD3FB021BEE5620056B919 /* APIResult.swift in Sources */ = {isa = PBXBuildFile; fileRef = BDDD3FAF21BEE5620056B919 /* APIResult.swift */; };
		BDDD3FB421BEF0E40056B919 /* FetchResponse.swift in Sources */ = {isa = PBXBuildFile; fileRef = BDDD3FB321BEF0E40056B919 /* FetchResponse.swift */; };
		BDDD3FB621BEF3060056B919 /* GetCharacters.swift in Sources */ = {isa = PBXBuildFile; fileRef = BDDD3FB521BEF3060056B919 /* GetCharacters.swift */; };
		BDDD3FB821BEF3FF0056B919 /* Character.swift in Sources */ = {isa = PBXBuildFile; fileRef = BDDD3FB721BEF3FF0056B919 /* Character.swift */; };
		BDDD3FBC21C00D8E0056B919 /* GetCharactersTests.swift in Sources */ = {isa = PBXBuildFile; fileRef = BDDD3FBB21C00D8E0056B919 /* GetCharactersTests.swift */; };
		BDDD3FC021C82F4B0056B919 /* Previews.swift in Sources */ = {isa = PBXBuildFile; fileRef = BDDD3FBF21C82F4B0056B919 /* Previews.swift */; };
		BDDD3FC221C830930056B919 /* Episode.swift in Sources */ = {isa = PBXBuildFile; fileRef = BDDD3FC121C830930056B919 /* Episode.swift */; };
		BDDD3FC421C8325B0056B919 /* DateFormatter+Extension.swift in Sources */ = {isa = PBXBuildFile; fileRef = BDDD3FC321C8325B0056B919 /* DateFormatter+Extension.swift */; };
		BDDD3FC621C8344A0056B919 /* GetEpisodes.swift in Sources */ = {isa = PBXBuildFile; fileRef = BDDD3FC521C8344A0056B919 /* GetEpisodes.swift */; };
		BDDD3FC821C834700056B919 /* GetEpisodesTests.swift in Sources */ = {isa = PBXBuildFile; fileRef = BDDD3FC721C8346F0056B919 /* GetEpisodesTests.swift */; };
		BDDD3FCA21C83D1A0056B919 /* Location.swift in Sources */ = {isa = PBXBuildFile; fileRef = BDDD3FC921C83D1A0056B919 /* Location.swift */; };
		BDDD3FCC21C83E240056B919 /* GetLocations.swift in Sources */ = {isa = PBXBuildFile; fileRef = BDDD3FCB21C83E240056B919 /* GetLocations.swift */; };
		BDDD3FCE21C83E770056B919 /* GetLocationsTests.swift in Sources */ = {isa = PBXBuildFile; fileRef = BDDD3FCD21C83E770056B919 /* GetLocationsTests.swift */; };
		BDDD3FD021C840240056B919 /* Array+Extension.swift in Sources */ = {isa = PBXBuildFile; fileRef = BDDD3FCF21C840240056B919 /* Array+Extension.swift */; };
		BDDD3FD221C867E40056B919 /* SelectCharacter.swift in Sources */ = {isa = PBXBuildFile; fileRef = BDDD3FD121C867E40056B919 /* SelectCharacter.swift */; };
		BDDD3FD421C8680D0056B919 /* SelectEpisode.swift in Sources */ = {isa = PBXBuildFile; fileRef = BDDD3FD321C8680D0056B919 /* SelectEpisode.swift */; };
		BDDD3FD621C868760056B919 /* SelectLocation.swift in Sources */ = {isa = PBXBuildFile; fileRef = BDDD3FD521C868760056B919 /* SelectLocation.swift */; };
		C22CB2618D290F8CC49E19A0 /* Pods_WubbaLubbaDubDubUITests.framework in Frameworks */ = {isa = PBXBuildFile; fileRef = 731C700B5EFB407539814A5D /* Pods_WubbaLubbaDubDubUITests.framework */; };
/* End PBXBuildFile section */

/* Begin PBXContainerItemProxy section */
		BD2190B221BEE00200AC7EA2 /* PBXContainerItemProxy */ = {
			isa = PBXContainerItemProxy;
			containerPortal = BD21909221BEE00000AC7EA2 /* Project object */;
			proxyType = 1;
			remoteGlobalIDString = BD21909921BEE00000AC7EA2;
			remoteInfo = WubbaLubbaDubDub;
		};
		BD2190BD21BEE00200AC7EA2 /* PBXContainerItemProxy */ = {
			isa = PBXContainerItemProxy;
			containerPortal = BD21909221BEE00000AC7EA2 /* Project object */;
			proxyType = 1;
			remoteGlobalIDString = BD21909921BEE00000AC7EA2;
			remoteInfo = WubbaLubbaDubDub;
		};
/* End PBXContainerItemProxy section */

/* Begin PBXFileReference section */
		0282F231F48957AA5F01CBB6 /* Pods-WubbaLubbaDubDubTests.debug.xcconfig */ = {isa = PBXFileReference; includeInIndex = 1; lastKnownFileType = text.xcconfig; name = "Pods-WubbaLubbaDubDubTests.debug.xcconfig"; path = "Pods/Target Support Files/Pods-WubbaLubbaDubDubTests/Pods-WubbaLubbaDubDubTests.debug.xcconfig"; sourceTree = "<group>"; };
		374CEEC33BB0A7ED037DE5CE /* Pods_WubbaLubbaDubDubTests.framework */ = {isa = PBXFileReference; explicitFileType = wrapper.framework; includeInIndex = 0; path = Pods_WubbaLubbaDubDubTests.framework; sourceTree = BUILT_PRODUCTS_DIR; };
		731C700B5EFB407539814A5D /* Pods_WubbaLubbaDubDubUITests.framework */ = {isa = PBXFileReference; explicitFileType = wrapper.framework; includeInIndex = 0; path = Pods_WubbaLubbaDubDubUITests.framework; sourceTree = BUILT_PRODUCTS_DIR; };
		93B76A5C454EC0F3461CF6C6 /* Pods-WubbaLubbaDubDub.release.xcconfig */ = {isa = PBXFileReference; includeInIndex = 1; lastKnownFileType = text.xcconfig; name = "Pods-WubbaLubbaDubDub.release.xcconfig"; path = "Pods/Target Support Files/Pods-WubbaLubbaDubDub/Pods-WubbaLubbaDubDub.release.xcconfig"; sourceTree = "<group>"; };
		9F88ABECD0BD7B378A21F896 /* Pods-WubbaLubbaDubDub.debug.xcconfig */ = {isa = PBXFileReference; includeInIndex = 1; lastKnownFileType = text.xcconfig; name = "Pods-WubbaLubbaDubDub.debug.xcconfig"; path = "Pods/Target Support Files/Pods-WubbaLubbaDubDub/Pods-WubbaLubbaDubDub.debug.xcconfig"; sourceTree = "<group>"; };
		B8658374C3FDD434005D014B /* Pods-WubbaLubbaDubDubUITests.debug.xcconfig */ = {isa = PBXFileReference; includeInIndex = 1; lastKnownFileType = text.xcconfig; name = "Pods-WubbaLubbaDubDubUITests.debug.xcconfig"; path = "Pods/Target Support Files/Pods-WubbaLubbaDubDubUITests/Pods-WubbaLubbaDubDubUITests.debug.xcconfig"; sourceTree = "<group>"; };
		BD21909A21BEE00000AC7EA2 /* WubbaLubbaDubDub.app */ = {isa = PBXFileReference; explicitFileType = wrapper.application; includeInIndex = 0; path = WubbaLubbaDubDub.app; sourceTree = BUILT_PRODUCTS_DIR; };
		BD21909D21BEE00000AC7EA2 /* AppDelegate.swift */ = {isa = PBXFileReference; lastKnownFileType = sourcecode.swift; path = AppDelegate.swift; sourceTree = "<group>"; };
		BD2190A221BEE00000AC7EA2 /* Base */ = {isa = PBXFileReference; lastKnownFileType = file.storyboard; name = Base; path = Base.lproj/Main.storyboard; sourceTree = "<group>"; };
		BD2190A521BEE00000AC7EA2 /* WubbaLubbaDubDub.xcdatamodel */ = {isa = PBXFileReference; lastKnownFileType = wrapper.xcdatamodel; path = WubbaLubbaDubDub.xcdatamodel; sourceTree = "<group>"; };
		BD2190A721BEE00200AC7EA2 /* Assets.xcassets */ = {isa = PBXFileReference; lastKnownFileType = folder.assetcatalog; path = Assets.xcassets; sourceTree = "<group>"; };
		BD2190AA21BEE00200AC7EA2 /* Base */ = {isa = PBXFileReference; lastKnownFileType = file.storyboard; name = Base; path = Base.lproj/LaunchScreen.storyboard; sourceTree = "<group>"; };
		BD2190AC21BEE00200AC7EA2 /* Info.plist */ = {isa = PBXFileReference; lastKnownFileType = text.plist.xml; path = Info.plist; sourceTree = "<group>"; };
		BD2190B121BEE00200AC7EA2 /* WubbaLubbaDubDubTests.xctest */ = {isa = PBXFileReference; explicitFileType = wrapper.cfbundle; includeInIndex = 0; path = WubbaLubbaDubDubTests.xctest; sourceTree = BUILT_PRODUCTS_DIR; };
		BD2190B721BEE00200AC7EA2 /* Info.plist */ = {isa = PBXFileReference; lastKnownFileType = text.plist.xml; path = Info.plist; sourceTree = "<group>"; };
		BD2190BC21BEE00200AC7EA2 /* WubbaLubbaDubDubUITests.xctest */ = {isa = PBXFileReference; explicitFileType = wrapper.cfbundle; includeInIndex = 0; path = WubbaLubbaDubDubUITests.xctest; sourceTree = BUILT_PRODUCTS_DIR; };
		BD2190C021BEE00200AC7EA2 /* WubbaLubbaDubDubUITests.swift */ = {isa = PBXFileReference; lastKnownFileType = sourcecode.swift; path = WubbaLubbaDubDubUITests.swift; sourceTree = "<group>"; };
		BD2190C221BEE00200AC7EA2 /* Info.plist */ = {isa = PBXFileReference; lastKnownFileType = text.plist.xml; path = Info.plist; sourceTree = "<group>"; };
		BD3AAF7D21DF76A700112CBC /* CharactersList.storyboard */ = {isa = PBXFileReference; lastKnownFileType = file.storyboard; path = CharactersList.storyboard; sourceTree = "<group>"; };
		BD3AAF7E21DF76A700112CBC /* CharactersListPresenter.swift */ = {isa = PBXFileReference; lastKnownFileType = sourcecode.swift; path = CharactersListPresenter.swift; sourceTree = "<group>"; };
		BD3AAF7F21DF76A700112CBC /* CharactersListRouter.swift */ = {isa = PBXFileReference; lastKnownFileType = sourcecode.swift; path = CharactersListRouter.swift; sourceTree = "<group>"; };
		BD3AAF8021DF76A700112CBC /* CharactersListProtocols.swift */ = {isa = PBXFileReference; lastKnownFileType = sourcecode.swift; path = CharactersListProtocols.swift; sourceTree = "<group>"; };
		BD3AAF8121DF76A700112CBC /* CharactersListInteractor.swift */ = {isa = PBXFileReference; lastKnownFileType = sourcecode.swift; path = CharactersListInteractor.swift; sourceTree = "<group>"; };
		BD3AAF8221DF76A700112CBC /* CharactersListView.swift */ = {isa = PBXFileReference; lastKnownFileType = sourcecode.swift; path = CharactersListView.swift; sourceTree = "<group>"; };
		BD3AAF9121DFB17100112CBC /* CharacterCell.swift */ = {isa = PBXFileReference; lastKnownFileType = sourcecode.swift; path = CharacterCell.swift; sourceTree = "<group>"; };
		BDDD3FA921BEE4B00056B919 /* APIClient.swift */ = {isa = PBXFileReference; lastKnownFileType = sourcecode.swift; path = APIClient.swift; sourceTree = "<group>"; };
		BDDD3FAB21BEE5140056B919 /* APIError.swift */ = {isa = PBXFileReference; lastKnownFileType = sourcecode.swift; path = APIError.swift; sourceTree = "<group>"; };
		BDDD3FAD21BEE5420056B919 /* APIRequest.swift */ = {isa = PBXFileReference; lastKnownFileType = sourcecode.swift; path = APIRequest.swift; sourceTree = "<group>"; };
		BDDD3FAF21BEE5620056B919 /* APIResult.swift */ = {isa = PBXFileReference; lastKnownFileType = sourcecode.swift; path = APIResult.swift; sourceTree = "<group>"; };
		BDDD3FB321BEF0E40056B919 /* FetchResponse.swift */ = {isa = PBXFileReference; lastKnownFileType = sourcecode.swift; path = FetchResponse.swift; sourceTree = "<group>"; };
		BDDD3FB521BEF3060056B919 /* GetCharacters.swift */ = {isa = PBXFileReference; lastKnownFileType = sourcecode.swift; path = GetCharacters.swift; sourceTree = "<group>"; };
		BDDD3FB721BEF3FF0056B919 /* Character.swift */ = {isa = PBXFileReference; lastKnownFileType = sourcecode.swift; path = Character.swift; sourceTree = "<group>"; };
		BDDD3FBB21C00D8E0056B919 /* GetCharactersTests.swift */ = {isa = PBXFileReference; lastKnownFileType = sourcecode.swift; path = GetCharactersTests.swift; sourceTree = "<group>"; };
		BDDD3FBF21C82F4B0056B919 /* Previews.swift */ = {isa = PBXFileReference; lastKnownFileType = sourcecode.swift; path = Previews.swift; sourceTree = "<group>"; };
		BDDD3FC121C830930056B919 /* Episode.swift */ = {isa = PBXFileReference; lastKnownFileType = sourcecode.swift; path = Episode.swift; sourceTree = "<group>"; };
		BDDD3FC321C8325B0056B919 /* DateFormatter+Extension.swift */ = {isa = PBXFileReference; lastKnownFileType = sourcecode.swift; path = "DateFormatter+Extension.swift"; sourceTree = "<group>"; };
		BDDD3FC521C8344A0056B919 /* GetEpisodes.swift */ = {isa = PBXFileReference; lastKnownFileType = sourcecode.swift; path = GetEpisodes.swift; sourceTree = "<group>"; };
		BDDD3FC721C8346F0056B919 /* GetEpisodesTests.swift */ = {isa = PBXFileReference; lastKnownFileType = sourcecode.swift; path = GetEpisodesTests.swift; sourceTree = "<group>"; };
		BDDD3FC921C83D1A0056B919 /* Location.swift */ = {isa = PBXFileReference; lastKnownFileType = sourcecode.swift; path = Location.swift; sourceTree = "<group>"; };
		BDDD3FCB21C83E240056B919 /* GetLocations.swift */ = {isa = PBXFileReference; lastKnownFileType = sourcecode.swift; path = GetLocations.swift; sourceTree = "<group>"; };
		BDDD3FCD21C83E770056B919 /* GetLocationsTests.swift */ = {isa = PBXFileReference; lastKnownFileType = sourcecode.swift; path = GetLocationsTests.swift; sourceTree = "<group>"; };
		BDDD3FCF21C840240056B919 /* Array+Extension.swift */ = {isa = PBXFileReference; lastKnownFileType = sourcecode.swift; path = "Array+Extension.swift"; sourceTree = "<group>"; };
		BDDD3FD121C867E40056B919 /* SelectCharacter.swift */ = {isa = PBXFileReference; lastKnownFileType = sourcecode.swift; path = SelectCharacter.swift; sourceTree = "<group>"; };
		BDDD3FD321C8680D0056B919 /* SelectEpisode.swift */ = {isa = PBXFileReference; lastKnownFileType = sourcecode.swift; path = SelectEpisode.swift; sourceTree = "<group>"; };
		BDDD3FD521C868760056B919 /* SelectLocation.swift */ = {isa = PBXFileReference; lastKnownFileType = sourcecode.swift; path = SelectLocation.swift; sourceTree = "<group>"; };
		CAF98758E27450BAD761A33F /* Pods-WubbaLubbaDubDubTests.release.xcconfig */ = {isa = PBXFileReference; includeInIndex = 1; lastKnownFileType = text.xcconfig; name = "Pods-WubbaLubbaDubDubTests.release.xcconfig"; path = "Pods/Target Support Files/Pods-WubbaLubbaDubDubTests/Pods-WubbaLubbaDubDubTests.release.xcconfig"; sourceTree = "<group>"; };
		CB4FE823FE417BE2C077DCFF /* Pods_WubbaLubbaDubDub.framework */ = {isa = PBXFileReference; explicitFileType = wrapper.framework; includeInIndex = 0; path = Pods_WubbaLubbaDubDub.framework; sourceTree = BUILT_PRODUCTS_DIR; };
		FE2A1BCF36A3B55D3C5ACC4C /* Pods-WubbaLubbaDubDubUITests.release.xcconfig */ = {isa = PBXFileReference; includeInIndex = 1; lastKnownFileType = text.xcconfig; name = "Pods-WubbaLubbaDubDubUITests.release.xcconfig"; path = "Pods/Target Support Files/Pods-WubbaLubbaDubDubUITests/Pods-WubbaLubbaDubDubUITests.release.xcconfig"; sourceTree = "<group>"; };
/* End PBXFileReference section */

/* Begin PBXFrameworksBuildPhase section */
		BD21909721BEE00000AC7EA2 /* Frameworks */ = {
			isa = PBXFrameworksBuildPhase;
			buildActionMask = 2147483647;
			files = (
				30823577BC7EBC1B714941CC /* Pods_WubbaLubbaDubDub.framework in Frameworks */,
			);
			runOnlyForDeploymentPostprocessing = 0;
		};
		BD2190AE21BEE00200AC7EA2 /* Frameworks */ = {
			isa = PBXFrameworksBuildPhase;
			buildActionMask = 2147483647;
			files = (
				00DFCAB555F91AE6CE465C62 /* Pods_WubbaLubbaDubDubTests.framework in Frameworks */,
			);
			runOnlyForDeploymentPostprocessing = 0;
		};
		BD2190B921BEE00200AC7EA2 /* Frameworks */ = {
			isa = PBXFrameworksBuildPhase;
			buildActionMask = 2147483647;
			files = (
				C22CB2618D290F8CC49E19A0 /* Pods_WubbaLubbaDubDubUITests.framework in Frameworks */,
			);
			runOnlyForDeploymentPostprocessing = 0;
		};
/* End PBXFrameworksBuildPhase section */

/* Begin PBXGroup section */
		7A1D983DF66E5363173B8E30 /* Frameworks */ = {
			isa = PBXGroup;
			children = (
				CB4FE823FE417BE2C077DCFF /* Pods_WubbaLubbaDubDub.framework */,
				374CEEC33BB0A7ED037DE5CE /* Pods_WubbaLubbaDubDubTests.framework */,
				731C700B5EFB407539814A5D /* Pods_WubbaLubbaDubDubUITests.framework */,
			);
			name = Frameworks;
			sourceTree = "<group>";
		};
		BD21909121BEE00000AC7EA2 = {
			isa = PBXGroup;
			children = (
				BD21909C21BEE00000AC7EA2 /* WubbaLubbaDubDub */,
				BD2190B421BEE00200AC7EA2 /* WubbaLubbaDubDubTests */,
				BD2190BF21BEE00200AC7EA2 /* WubbaLubbaDubDubUITests */,
				BD21909B21BEE00000AC7EA2 /* Products */,
				D9628FFE295A08F9D1072A32 /* Pods */,
				7A1D983DF66E5363173B8E30 /* Frameworks */,
			);
			sourceTree = "<group>";
		};
		BD21909B21BEE00000AC7EA2 /* Products */ = {
			isa = PBXGroup;
			children = (
				BD21909A21BEE00000AC7EA2 /* WubbaLubbaDubDub.app */,
				BD2190B121BEE00200AC7EA2 /* WubbaLubbaDubDubTests.xctest */,
				BD2190BC21BEE00200AC7EA2 /* WubbaLubbaDubDubUITests.xctest */,
			);
			name = Products;
			sourceTree = "<group>";
		};
		BD21909C21BEE00000AC7EA2 /* WubbaLubbaDubDub */ = {
			isa = PBXGroup;
			children = (
				BD21909D21BEE00000AC7EA2 /* AppDelegate.swift */,
				BD2190A921BEE00200AC7EA2 /* LaunchScreen.storyboard */,
				BDDD3FA321BEE2A30056B919 /* Resources */,
				BDDD3FA421BEE2AE0056B919 /* Source */,
			);
			path = WubbaLubbaDubDub;
			sourceTree = "<group>";
		};
		BD2190B421BEE00200AC7EA2 /* WubbaLubbaDubDubTests */ = {
			isa = PBXGroup;
			children = (
				BD2190B721BEE00200AC7EA2 /* Info.plist */,
				BDDD3FBD21C00D930056B919 /* Services Tests */,
			);
			path = WubbaLubbaDubDubTests;
			sourceTree = "<group>";
		};
		BD2190BF21BEE00200AC7EA2 /* WubbaLubbaDubDubUITests */ = {
			isa = PBXGroup;
			children = (
				BD2190C021BEE00200AC7EA2 /* WubbaLubbaDubDubUITests.swift */,
				BD2190C221BEE00200AC7EA2 /* Info.plist */,
			);
			path = WubbaLubbaDubDubUITests;
			sourceTree = "<group>";
		};
		BD3AAF8921DF76AB00112CBC /* Characters List */ = {
			isa = PBXGroup;
			children = (
				BD3AAF8021DF76A700112CBC /* CharactersListProtocols.swift */,
				BD3AAF8D21DF76DA00112CBC /* Router */,
				BD3AAF8C21DF76D500112CBC /* Interactor */,
				BD3AAF8B21DF76CB00112CBC /* Presenter */,
				BD3AAF8A21DF76C600112CBC /* View */,
			);
			path = "Characters List";
			sourceTree = "<group>";
		};
		BD3AAF8A21DF76C600112CBC /* View */ = {
			isa = PBXGroup;
			children = (
				BD3AAF7D21DF76A700112CBC /* CharactersList.storyboard */,
				BD3AAF8221DF76A700112CBC /* CharactersListView.swift */,
				BD3AAF9321DFB17700112CBC /* Collection View */,
			);
			path = View;
			sourceTree = "<group>";
		};
		BD3AAF8B21DF76CB00112CBC /* Presenter */ = {
			isa = PBXGroup;
			children = (
				BD3AAF7E21DF76A700112CBC /* CharactersListPresenter.swift */,
			);
			path = Presenter;
			sourceTree = "<group>";
		};
		BD3AAF8C21DF76D500112CBC /* Interactor */ = {
			isa = PBXGroup;
			children = (
				BD3AAF8121DF76A700112CBC /* CharactersListInteractor.swift */,
			);
			path = Interactor;
			sourceTree = "<group>";
		};
		BD3AAF8D21DF76DA00112CBC /* Router */ = {
			isa = PBXGroup;
			children = (
				BD3AAF7F21DF76A700112CBC /* CharactersListRouter.swift */,
			);
			path = Router;
			sourceTree = "<group>";
		};
		BD3AAF9321DFB17700112CBC /* Collection View */ = {
			isa = PBXGroup;
			children = (
				BD3AAF9121DFB17100112CBC /* CharacterCell.swift */,
			);
			path = "Collection View";
			sourceTree = "<group>";
		};
		BDDD3FA321BEE2A30056B919 /* Resources */ = {
			isa = PBXGroup;
			children = (
				BD2190A721BEE00200AC7EA2 /* Assets.xcassets */,
				BD2190AC21BEE00200AC7EA2 /* Info.plist */,
			);
			path = Resources;
			sourceTree = "<group>";
		};
		BDDD3FA421BEE2AE0056B919 /* Source */ = {
			isa = PBXGroup;
			children = (
				BDDD3FA521BEE2B70056B919 /* Models */,
				BDDD3FA621BEE2C60056B919 /* Modules */,
				BDDD3FA721BEE2CD0056B919 /* Services */,
				BDDD3FA821BEE2D60056B919 /* Utils */,
			);
			path = Source;
			sourceTree = "<group>";
		};
		BDDD3FA521BEE2B70056B919 /* Models */ = {
			isa = PBXGroup;
			children = (
				BD2190A421BEE00000AC7EA2 /* WubbaLubbaDubDub.xcdatamodeld */,
				BDDD3FBF21C82F4B0056B919 /* Previews.swift */,
				BDDD3FB721BEF3FF0056B919 /* Character.swift */,
				BDDD3FC121C830930056B919 /* Episode.swift */,
				BDDD3FC921C83D1A0056B919 /* Location.swift */,
			);
			path = Models;
			sourceTree = "<group>";
		};
		BDDD3FA621BEE2C60056B919 /* Modules */ = {
			isa = PBXGroup;
			children = (
				BD2190A121BEE00000AC7EA2 /* Main.storyboard */,
				BD3AAF8921DF76AB00112CBC /* Characters List */,
			);
			path = Modules;
			sourceTree = "<group>";
		};
		BDDD3FA721BEE2CD0056B919 /* Services */ = {
			isa = PBXGroup;
			children = (
				BDDD3FB221BEE5A30056B919 /* Requests */,
				BDDD3FB121BEE5960056B919 /* Clients */,
				BDDD3FB321BEF0E40056B919 /* FetchResponse.swift */,
				BDDD3FAB21BEE5140056B919 /* APIError.swift */,
				BDDD3FAF21BEE5620056B919 /* APIResult.swift */,
			);
			path = Services;
			sourceTree = "<group>";
		};
		BDDD3FA821BEE2D60056B919 /* Utils */ = {
			isa = PBXGroup;
			children = (
				BDDD3FC321C8325B0056B919 /* DateFormatter+Extension.swift */,
				BDDD3FCF21C840240056B919 /* Array+Extension.swift */,
			);
			path = Utils;
			sourceTree = "<group>";
		};
		BDDD3FB121BEE5960056B919 /* Clients */ = {
			isa = PBXGroup;
			children = (
				BDDD3FA921BEE4B00056B919 /* APIClient.swift */,
			);
			path = Clients;
			sourceTree = "<group>";
		};
		BDDD3FB221BEE5A30056B919 /* Requests */ = {
			isa = PBXGroup;
			children = (
				BDDD3FAD21BEE5420056B919 /* APIRequest.swift */,
				BDDD3FB521BEF3060056B919 /* GetCharacters.swift */,
				BDDD3FC521C8344A0056B919 /* GetEpisodes.swift */,
				BDDD3FCB21C83E240056B919 /* GetLocations.swift */,
				BDDD3FD121C867E40056B919 /* SelectCharacter.swift */,
				BDDD3FD321C8680D0056B919 /* SelectEpisode.swift */,
				BDDD3FD521C868760056B919 /* SelectLocation.swift */,
			);
			path = Requests;
			sourceTree = "<group>";
		};
		BDDD3FBD21C00D930056B919 /* Services Tests */ = {
			isa = PBXGroup;
			children = (
				BDDD3FBE21C00DA50056B919 /* Requests Tests */,
			);
			path = "Services Tests";
			sourceTree = "<group>";
		};
		BDDD3FBE21C00DA50056B919 /* Requests Tests */ = {
			isa = PBXGroup;
			children = (
				BDDD3FBB21C00D8E0056B919 /* GetCharactersTests.swift */,
				BDDD3FC721C8346F0056B919 /* GetEpisodesTests.swift */,
				BDDD3FCD21C83E770056B919 /* GetLocationsTests.swift */,
			);
			path = "Requests Tests";
			sourceTree = "<group>";
		};
		D9628FFE295A08F9D1072A32 /* Pods */ = {
			isa = PBXGroup;
			children = (
				9F88ABECD0BD7B378A21F896 /* Pods-WubbaLubbaDubDub.debug.xcconfig */,
				93B76A5C454EC0F3461CF6C6 /* Pods-WubbaLubbaDubDub.release.xcconfig */,
				0282F231F48957AA5F01CBB6 /* Pods-WubbaLubbaDubDubTests.debug.xcconfig */,
				CAF98758E27450BAD761A33F /* Pods-WubbaLubbaDubDubTests.release.xcconfig */,
				B8658374C3FDD434005D014B /* Pods-WubbaLubbaDubDubUITests.debug.xcconfig */,
				FE2A1BCF36A3B55D3C5ACC4C /* Pods-WubbaLubbaDubDubUITests.release.xcconfig */,
			);
			name = Pods;
			sourceTree = "<group>";
		};
/* End PBXGroup section */

/* Begin PBXNativeTarget section */
		BD21909921BEE00000AC7EA2 /* WubbaLubbaDubDub */ = {
			isa = PBXNativeTarget;
			buildConfigurationList = BD2190C521BEE00200AC7EA2 /* Build configuration list for PBXNativeTarget "WubbaLubbaDubDub" */;
			buildPhases = (
				E7AA50E112F36DA09B394FD1 /* [CP] Check Pods Manifest.lock */,
				BD21909621BEE00000AC7EA2 /* Sources */,
				BD21909721BEE00000AC7EA2 /* Frameworks */,
				BD21909821BEE00000AC7EA2 /* Resources */,
			);
			buildRules = (
			);
			dependencies = (
			);
			name = WubbaLubbaDubDub;
			productName = WubbaLubbaDubDub;
			productReference = BD21909A21BEE00000AC7EA2 /* WubbaLubbaDubDub.app */;
			productType = "com.apple.product-type.application";
		};
		BD2190B021BEE00200AC7EA2 /* WubbaLubbaDubDubTests */ = {
			isa = PBXNativeTarget;
			buildConfigurationList = BD2190C821BEE00200AC7EA2 /* Build configuration list for PBXNativeTarget "WubbaLubbaDubDubTests" */;
			buildPhases = (
				05DD36D9A971845E5A2D6FC9 /* [CP] Check Pods Manifest.lock */,
				BD2190AD21BEE00200AC7EA2 /* Sources */,
				BD2190AE21BEE00200AC7EA2 /* Frameworks */,
				BD2190AF21BEE00200AC7EA2 /* Resources */,
			);
			buildRules = (
			);
			dependencies = (
				BD2190B321BEE00200AC7EA2 /* PBXTargetDependency */,
			);
			name = WubbaLubbaDubDubTests;
			productName = WubbaLubbaDubDubTests;
			productReference = BD2190B121BEE00200AC7EA2 /* WubbaLubbaDubDubTests.xctest */;
			productType = "com.apple.product-type.bundle.unit-test";
		};
		BD2190BB21BEE00200AC7EA2 /* WubbaLubbaDubDubUITests */ = {
			isa = PBXNativeTarget;
			buildConfigurationList = BD2190CB21BEE00200AC7EA2 /* Build configuration list for PBXNativeTarget "WubbaLubbaDubDubUITests" */;
			buildPhases = (
				24D8B20A2EC9E2F3FEB30536 /* [CP] Check Pods Manifest.lock */,
				BD2190B821BEE00200AC7EA2 /* Sources */,
				BD2190B921BEE00200AC7EA2 /* Frameworks */,
				BD2190BA21BEE00200AC7EA2 /* Resources */,
			);
			buildRules = (
			);
			dependencies = (
				BD2190BE21BEE00200AC7EA2 /* PBXTargetDependency */,
			);
			name = WubbaLubbaDubDubUITests;
			productName = WubbaLubbaDubDubUITests;
			productReference = BD2190BC21BEE00200AC7EA2 /* WubbaLubbaDubDubUITests.xctest */;
			productType = "com.apple.product-type.bundle.ui-testing";
		};
/* End PBXNativeTarget section */

/* Begin PBXProject section */
		BD21909221BEE00000AC7EA2 /* Project object */ = {
			isa = PBXProject;
			attributes = {
				LastSwiftUpdateCheck = 1010;
				LastUpgradeCheck = 1010;
				ORGANIZATIONNAME = "Guilherme Paciulli";
				TargetAttributes = {
					BD21909921BEE00000AC7EA2 = {
						CreatedOnToolsVersion = 10.1;
					};
					BD2190B021BEE00200AC7EA2 = {
						CreatedOnToolsVersion = 10.1;
						TestTargetID = BD21909921BEE00000AC7EA2;
					};
					BD2190BB21BEE00200AC7EA2 = {
						CreatedOnToolsVersion = 10.1;
						TestTargetID = BD21909921BEE00000AC7EA2;
					};
				};
			};
			buildConfigurationList = BD21909521BEE00000AC7EA2 /* Build configuration list for PBXProject "WubbaLubbaDubDub" */;
			compatibilityVersion = "Xcode 9.3";
			developmentRegion = en;
			hasScannedForEncodings = 0;
			knownRegions = (
				en,
				Base,
			);
			mainGroup = BD21909121BEE00000AC7EA2;
			productRefGroup = BD21909B21BEE00000AC7EA2 /* Products */;
			projectDirPath = "";
			projectRoot = "";
			targets = (
				BD21909921BEE00000AC7EA2 /* WubbaLubbaDubDub */,
				BD2190B021BEE00200AC7EA2 /* WubbaLubbaDubDubTests */,
				BD2190BB21BEE00200AC7EA2 /* WubbaLubbaDubDubUITests */,
			);
		};
/* End PBXProject section */

/* Begin PBXResourcesBuildPhase section */
		BD21909821BEE00000AC7EA2 /* Resources */ = {
			isa = PBXResourcesBuildPhase;
			buildActionMask = 2147483647;
			files = (
				BD3AAF8321DF76A700112CBC /* CharactersList.storyboard in Resources */,
				BD2190AB21BEE00200AC7EA2 /* LaunchScreen.storyboard in Resources */,
				BD2190A821BEE00200AC7EA2 /* Assets.xcassets in Resources */,
				BD2190A321BEE00000AC7EA2 /* Main.storyboard in Resources */,
			);
			runOnlyForDeploymentPostprocessing = 0;
		};
		BD2190AF21BEE00200AC7EA2 /* Resources */ = {
			isa = PBXResourcesBuildPhase;
			buildActionMask = 2147483647;
			files = (
			);
			runOnlyForDeploymentPostprocessing = 0;
		};
		BD2190BA21BEE00200AC7EA2 /* Resources */ = {
			isa = PBXResourcesBuildPhase;
			buildActionMask = 2147483647;
			files = (
			);
			runOnlyForDeploymentPostprocessing = 0;
		};
/* End PBXResourcesBuildPhase section */

/* Begin PBXShellScriptBuildPhase section */
		05DD36D9A971845E5A2D6FC9 /* [CP] Check Pods Manifest.lock */ = {
			isa = PBXShellScriptBuildPhase;
			buildActionMask = 2147483647;
			files = (
			);
			inputFileListPaths = (
			);
			inputPaths = (
				"${PODS_PODFILE_DIR_PATH}/Podfile.lock",
				"${PODS_ROOT}/Manifest.lock",
			);
			name = "[CP] Check Pods Manifest.lock";
			outputFileListPaths = (
			);
			outputPaths = (
				"$(DERIVED_FILE_DIR)/Pods-WubbaLubbaDubDubTests-checkManifestLockResult.txt",
			);
			runOnlyForDeploymentPostprocessing = 0;
			shellPath = /bin/sh;
			shellScript = "diff \"${PODS_PODFILE_DIR_PATH}/Podfile.lock\" \"${PODS_ROOT}/Manifest.lock\" > /dev/null\nif [ $? != 0 ] ; then\n    # print error to STDERR\n    echo \"error: The sandbox is not in sync with the Podfile.lock. Run 'pod install' or update your CocoaPods installation.\" >&2\n    exit 1\nfi\n# This output is used by Xcode 'outputs' to avoid re-running this script phase.\necho \"SUCCESS\" > \"${SCRIPT_OUTPUT_FILE_0}\"\n";
			showEnvVarsInLog = 0;
		};
		24D8B20A2EC9E2F3FEB30536 /* [CP] Check Pods Manifest.lock */ = {
			isa = PBXShellScriptBuildPhase;
			buildActionMask = 2147483647;
			files = (
			);
			inputFileListPaths = (
			);
			inputPaths = (
				"${PODS_PODFILE_DIR_PATH}/Podfile.lock",
				"${PODS_ROOT}/Manifest.lock",
			);
			name = "[CP] Check Pods Manifest.lock";
			outputFileListPaths = (
			);
			outputPaths = (
				"$(DERIVED_FILE_DIR)/Pods-WubbaLubbaDubDubUITests-checkManifestLockResult.txt",
			);
			runOnlyForDeploymentPostprocessing = 0;
			shellPath = /bin/sh;
			shellScript = "diff \"${PODS_PODFILE_DIR_PATH}/Podfile.lock\" \"${PODS_ROOT}/Manifest.lock\" > /dev/null\nif [ $? != 0 ] ; then\n    # print error to STDERR\n    echo \"error: The sandbox is not in sync with the Podfile.lock. Run 'pod install' or update your CocoaPods installation.\" >&2\n    exit 1\nfi\n# This output is used by Xcode 'outputs' to avoid re-running this script phase.\necho \"SUCCESS\" > \"${SCRIPT_OUTPUT_FILE_0}\"\n";
			showEnvVarsInLog = 0;
		};
		E7AA50E112F36DA09B394FD1 /* [CP] Check Pods Manifest.lock */ = {
			isa = PBXShellScriptBuildPhase;
			buildActionMask = 2147483647;
			files = (
			);
			inputFileListPaths = (
			);
			inputPaths = (
				"${PODS_PODFILE_DIR_PATH}/Podfile.lock",
				"${PODS_ROOT}/Manifest.lock",
			);
			name = "[CP] Check Pods Manifest.lock";
			outputFileListPaths = (
			);
			outputPaths = (
				"$(DERIVED_FILE_DIR)/Pods-WubbaLubbaDubDub-checkManifestLockResult.txt",
			);
			runOnlyForDeploymentPostprocessing = 0;
			shellPath = /bin/sh;
			shellScript = "diff \"${PODS_PODFILE_DIR_PATH}/Podfile.lock\" \"${PODS_ROOT}/Manifest.lock\" > /dev/null\nif [ $? != 0 ] ; then\n    # print error to STDERR\n    echo \"error: The sandbox is not in sync with the Podfile.lock. Run 'pod install' or update your CocoaPods installation.\" >&2\n    exit 1\nfi\n# This output is used by Xcode 'outputs' to avoid re-running this script phase.\necho \"SUCCESS\" > \"${SCRIPT_OUTPUT_FILE_0}\"\n";
			showEnvVarsInLog = 0;
		};
/* End PBXShellScriptBuildPhase section */

/* Begin PBXSourcesBuildPhase section */
		BD21909621BEE00000AC7EA2 /* Sources */ = {
			isa = PBXSourcesBuildPhase;
			buildActionMask = 2147483647;
			files = (
				BD3AAF9221DFB17100112CBC /* CharacterCell.swift in Sources */,
				BD3AAF8421DF76A700112CBC /* CharactersListPresenter.swift in Sources */,
				BDDD3FB821BEF3FF0056B919 /* Character.swift in Sources */,
				BD3AAF8821DF76A700112CBC /* CharactersListView.swift in Sources */,
				BD2190A621BEE00000AC7EA2 /* WubbaLubbaDubDub.xcdatamodeld in Sources */,
				BD3AAF8621DF76A700112CBC /* CharactersListProtocols.swift in Sources */,
				BDDD3FC421C8325B0056B919 /* DateFormatter+Extension.swift in Sources */,
				BDDD3FCC21C83E240056B919 /* GetLocations.swift in Sources */,
				BDDD3FC021C82F4B0056B919 /* Previews.swift in Sources */,
				BDDD3FAC21BEE5140056B919 /* APIError.swift in Sources */,
				BDDD3FAA21BEE4B00056B919 /* APIClient.swift in Sources */,
				BDDD3FD621C868760056B919 /* SelectLocation.swift in Sources */,
				BDDD3FD021C840240056B919 /* Array+Extension.swift in Sources */,
				BDDD3FCA21C83D1A0056B919 /* Location.swift in Sources */,
				BDDD3FD221C867E40056B919 /* SelectCharacter.swift in Sources */,
				BDDD3FC221C830930056B919 /* Episode.swift in Sources */,
				BD3AAF8721DF76A700112CBC /* CharactersListInteractor.swift in Sources */,
				BDDD3FB021BEE5620056B919 /* APIResult.swift in Sources */,
				BDDD3FB421BEF0E40056B919 /* FetchResponse.swift in Sources */,
				BDDD3FC621C8344A0056B919 /* GetEpisodes.swift in Sources */,
				BDDD3FAE21BEE5420056B919 /* APIRequest.swift in Sources */,
				BD3AAF8521DF76A700112CBC /* CharactersListRouter.swift in Sources */,
				BDDD3FB621BEF3060056B919 /* GetCharacters.swift in Sources */,
				BD21909E21BEE00000AC7EA2 /* AppDelegate.swift in Sources */,
				BDDD3FD421C8680D0056B919 /* SelectEpisode.swift in Sources */,
			);
			runOnlyForDeploymentPostprocessing = 0;
		};
		BD2190AD21BEE00200AC7EA2 /* Sources */ = {
			isa = PBXSourcesBuildPhase;
			buildActionMask = 2147483647;
			files = (
				BDDD3FCE21C83E770056B919 /* GetLocationsTests.swift in Sources */,
				BDDD3FC821C834700056B919 /* GetEpisodesTests.swift in Sources */,
				BDDD3FBC21C00D8E0056B919 /* GetCharactersTests.swift in Sources */,
			);
			runOnlyForDeploymentPostprocessing = 0;
		};
		BD2190B821BEE00200AC7EA2 /* Sources */ = {
			isa = PBXSourcesBuildPhase;
			buildActionMask = 2147483647;
			files = (
				BD2190C121BEE00200AC7EA2 /* WubbaLubbaDubDubUITests.swift in Sources */,
			);
			runOnlyForDeploymentPostprocessing = 0;
		};
/* End PBXSourcesBuildPhase section */

/* Begin PBXTargetDependency section */
		BD2190B321BEE00200AC7EA2 /* PBXTargetDependency */ = {
			isa = PBXTargetDependency;
			target = BD21909921BEE00000AC7EA2 /* WubbaLubbaDubDub */;
			targetProxy = BD2190B221BEE00200AC7EA2 /* PBXContainerItemProxy */;
		};
		BD2190BE21BEE00200AC7EA2 /* PBXTargetDependency */ = {
			isa = PBXTargetDependency;
			target = BD21909921BEE00000AC7EA2 /* WubbaLubbaDubDub */;
			targetProxy = BD2190BD21BEE00200AC7EA2 /* PBXContainerItemProxy */;
		};
/* End PBXTargetDependency section */

/* Begin PBXVariantGroup section */
		BD2190A121BEE00000AC7EA2 /* Main.storyboard */ = {
			isa = PBXVariantGroup;
			children = (
				BD2190A221BEE00000AC7EA2 /* Base */,
			);
			name = Main.storyboard;
			sourceTree = "<group>";
		};
		BD2190A921BEE00200AC7EA2 /* LaunchScreen.storyboard */ = {
			isa = PBXVariantGroup;
			children = (
				BD2190AA21BEE00200AC7EA2 /* Base */,
			);
			name = LaunchScreen.storyboard;
			sourceTree = "<group>";
		};
/* End PBXVariantGroup section */

/* Begin XCBuildConfiguration section */
		BD2190C321BEE00200AC7EA2 /* Debug */ = {
			isa = XCBuildConfiguration;
			buildSettings = {
				ALWAYS_SEARCH_USER_PATHS = NO;
				CLANG_ANALYZER_NONNULL = YES;
				CLANG_ANALYZER_NUMBER_OBJECT_CONVERSION = YES_AGGRESSIVE;
				CLANG_CXX_LANGUAGE_STANDARD = "gnu++14";
				CLANG_CXX_LIBRARY = "libc++";
				CLANG_ENABLE_MODULES = YES;
				CLANG_ENABLE_OBJC_ARC = YES;
				CLANG_ENABLE_OBJC_WEAK = YES;
				CLANG_WARN_BLOCK_CAPTURE_AUTORELEASING = YES;
				CLANG_WARN_BOOL_CONVERSION = YES;
				CLANG_WARN_COMMA = YES;
				CLANG_WARN_CONSTANT_CONVERSION = YES;
				CLANG_WARN_DEPRECATED_OBJC_IMPLEMENTATIONS = YES;
				CLANG_WARN_DIRECT_OBJC_ISA_USAGE = YES_ERROR;
				CLANG_WARN_DOCUMENTATION_COMMENTS = YES;
				CLANG_WARN_EMPTY_BODY = YES;
				CLANG_WARN_ENUM_CONVERSION = YES;
				CLANG_WARN_INFINITE_RECURSION = YES;
				CLANG_WARN_INT_CONVERSION = YES;
				CLANG_WARN_NON_LITERAL_NULL_CONVERSION = YES;
				CLANG_WARN_OBJC_IMPLICIT_RETAIN_SELF = YES;
				CLANG_WARN_OBJC_LITERAL_CONVERSION = YES;
				CLANG_WARN_OBJC_ROOT_CLASS = YES_ERROR;
				CLANG_WARN_RANGE_LOOP_ANALYSIS = YES;
				CLANG_WARN_STRICT_PROTOTYPES = YES;
				CLANG_WARN_SUSPICIOUS_MOVE = YES;
				CLANG_WARN_UNGUARDED_AVAILABILITY = YES_AGGRESSIVE;
				CLANG_WARN_UNREACHABLE_CODE = YES;
				CLANG_WARN__DUPLICATE_METHOD_MATCH = YES;
				CODE_SIGN_IDENTITY = "iPhone Developer";
				COPY_PHASE_STRIP = NO;
				DEBUG_INFORMATION_FORMAT = dwarf;
				ENABLE_STRICT_OBJC_MSGSEND = YES;
				ENABLE_TESTABILITY = YES;
				GCC_C_LANGUAGE_STANDARD = gnu11;
				GCC_DYNAMIC_NO_PIC = NO;
				GCC_NO_COMMON_BLOCKS = YES;
				GCC_OPTIMIZATION_LEVEL = 0;
				GCC_PREPROCESSOR_DEFINITIONS = (
					"DEBUG=1",
					"$(inherited)",
				);
				GCC_WARN_64_TO_32_BIT_CONVERSION = YES;
				GCC_WARN_ABOUT_RETURN_TYPE = YES_ERROR;
				GCC_WARN_UNDECLARED_SELECTOR = YES;
				GCC_WARN_UNINITIALIZED_AUTOS = YES_AGGRESSIVE;
				GCC_WARN_UNUSED_FUNCTION = YES;
				GCC_WARN_UNUSED_VARIABLE = YES;
				IPHONEOS_DEPLOYMENT_TARGET = 12.1;
				MTL_ENABLE_DEBUG_INFO = INCLUDE_SOURCE;
				MTL_FAST_MATH = YES;
				ONLY_ACTIVE_ARCH = YES;
				SDKROOT = iphoneos;
				SWIFT_ACTIVE_COMPILATION_CONDITIONS = DEBUG;
				SWIFT_OPTIMIZATION_LEVEL = "-Onone";
			};
			name = Debug;
		};
		BD2190C421BEE00200AC7EA2 /* Release */ = {
			isa = XCBuildConfiguration;
			buildSettings = {
				ALWAYS_SEARCH_USER_PATHS = NO;
				CLANG_ANALYZER_NONNULL = YES;
				CLANG_ANALYZER_NUMBER_OBJECT_CONVERSION = YES_AGGRESSIVE;
				CLANG_CXX_LANGUAGE_STANDARD = "gnu++14";
				CLANG_CXX_LIBRARY = "libc++";
				CLANG_ENABLE_MODULES = YES;
				CLANG_ENABLE_OBJC_ARC = YES;
				CLANG_ENABLE_OBJC_WEAK = YES;
				CLANG_WARN_BLOCK_CAPTURE_AUTORELEASING = YES;
				CLANG_WARN_BOOL_CONVERSION = YES;
				CLANG_WARN_COMMA = YES;
				CLANG_WARN_CONSTANT_CONVERSION = YES;
				CLANG_WARN_DEPRECATED_OBJC_IMPLEMENTATIONS = YES;
				CLANG_WARN_DIRECT_OBJC_ISA_USAGE = YES_ERROR;
				CLANG_WARN_DOCUMENTATION_COMMENTS = YES;
				CLANG_WARN_EMPTY_BODY = YES;
				CLANG_WARN_ENUM_CONVERSION = YES;
				CLANG_WARN_INFINITE_RECURSION = YES;
				CLANG_WARN_INT_CONVERSION = YES;
				CLANG_WARN_NON_LITERAL_NULL_CONVERSION = YES;
				CLANG_WARN_OBJC_IMPLICIT_RETAIN_SELF = YES;
				CLANG_WARN_OBJC_LITERAL_CONVERSION = YES;
				CLANG_WARN_OBJC_ROOT_CLASS = YES_ERROR;
				CLANG_WARN_RANGE_LOOP_ANALYSIS = YES;
				CLANG_WARN_STRICT_PROTOTYPES = YES;
				CLANG_WARN_SUSPICIOUS_MOVE = YES;
				CLANG_WARN_UNGUARDED_AVAILABILITY = YES_AGGRESSIVE;
				CLANG_WARN_UNREACHABLE_CODE = YES;
				CLANG_WARN__DUPLICATE_METHOD_MATCH = YES;
				CODE_SIGN_IDENTITY = "iPhone Developer";
				COPY_PHASE_STRIP = NO;
				DEBUG_INFORMATION_FORMAT = "dwarf-with-dsym";
				ENABLE_NS_ASSERTIONS = NO;
				ENABLE_STRICT_OBJC_MSGSEND = YES;
				GCC_C_LANGUAGE_STANDARD = gnu11;
				GCC_NO_COMMON_BLOCKS = YES;
				GCC_WARN_64_TO_32_BIT_CONVERSION = YES;
				GCC_WARN_ABOUT_RETURN_TYPE = YES_ERROR;
				GCC_WARN_UNDECLARED_SELECTOR = YES;
				GCC_WARN_UNINITIALIZED_AUTOS = YES_AGGRESSIVE;
				GCC_WARN_UNUSED_FUNCTION = YES;
				GCC_WARN_UNUSED_VARIABLE = YES;
				IPHONEOS_DEPLOYMENT_TARGET = 12.1;
				MTL_ENABLE_DEBUG_INFO = NO;
				MTL_FAST_MATH = YES;
				SDKROOT = iphoneos;
				SWIFT_COMPILATION_MODE = wholemodule;
				SWIFT_OPTIMIZATION_LEVEL = "-O";
				VALIDATE_PRODUCT = YES;
			};
			name = Release;
		};
		BD2190C621BEE00200AC7EA2 /* Debug */ = {
			isa = XCBuildConfiguration;
			baseConfigurationReference = 9F88ABECD0BD7B378A21F896 /* Pods-WubbaLubbaDubDub.debug.xcconfig */;
			buildSettings = {
				ASSETCATALOG_COMPILER_APPICON_NAME = AppIcon;
				CODE_SIGN_STYLE = Automatic;
				DEVELOPMENT_TEAM = VLLH384AC4;
				INFOPLIST_FILE = "$(SRCROOT)/WubbaLubbaDubDub/Resources/Info.plist";
				LD_RUNPATH_SEARCH_PATHS = (
					"$(inherited)",
					"@executable_path/Frameworks",
				);
				PRODUCT_BUNDLE_IDENTIFIER = br.mackmobile.Paciulli.WubbaLubbaDubDub;
				PRODUCT_NAME = "$(TARGET_NAME)";
				SWIFT_VERSION = 4.2;
				TARGETED_DEVICE_FAMILY = "1,2";
			};
			name = Debug;
		};
		BD2190C721BEE00200AC7EA2 /* Release */ = {
			isa = XCBuildConfiguration;
			baseConfigurationReference = 93B76A5C454EC0F3461CF6C6 /* Pods-WubbaLubbaDubDub.release.xcconfig */;
			buildSettings = {
				ASSETCATALOG_COMPILER_APPICON_NAME = AppIcon;
				CODE_SIGN_STYLE = Automatic;
				DEVELOPMENT_TEAM = VLLH384AC4;
				INFOPLIST_FILE = "$(SRCROOT)/WubbaLubbaDubDub/Resources/Info.plist";
				LD_RUNPATH_SEARCH_PATHS = (
					"$(inherited)",
					"@executable_path/Frameworks",
				);
				PRODUCT_BUNDLE_IDENTIFIER = br.mackmobile.Paciulli.WubbaLubbaDubDub;
				PRODUCT_NAME = "$(TARGET_NAME)";
				SWIFT_VERSION = 4.2;
				TARGETED_DEVICE_FAMILY = "1,2";
			};
			name = Release;
		};
		BD2190C921BEE00200AC7EA2 /* Debug */ = {
			isa = XCBuildConfiguration;
			baseConfigurationReference = 0282F231F48957AA5F01CBB6 /* Pods-WubbaLubbaDubDubTests.debug.xcconfig */;
			buildSettings = {
				ALWAYS_EMBED_SWIFT_STANDARD_LIBRARIES = YES;
				BUNDLE_LOADER = "$(TEST_HOST)";
				CODE_SIGN_STYLE = Automatic;
				DEVELOPMENT_TEAM = VLLH384AC4;
				INFOPLIST_FILE = WubbaLubbaDubDubTests/Info.plist;
				LD_RUNPATH_SEARCH_PATHS = (
					"$(inherited)",
					"@executable_path/Frameworks",
					"@loader_path/Frameworks",
				);
				PRODUCT_BUNDLE_IDENTIFIER = br.mackmobile.Paciulli.WubbaLubbaDubDubTests;
				PRODUCT_NAME = "$(TARGET_NAME)";
				SWIFT_VERSION = 4.2;
				TARGETED_DEVICE_FAMILY = "1,2";
				TEST_HOST = "$(BUILT_PRODUCTS_DIR)/WubbaLubbaDubDub.app/WubbaLubbaDubDub";
			};
			name = Debug;
		};
		BD2190CA21BEE00200AC7EA2 /* Release */ = {
			isa = XCBuildConfiguration;
			baseConfigurationReference = CAF98758E27450BAD761A33F /* Pods-WubbaLubbaDubDubTests.release.xcconfig */;
			buildSettings = {
				ALWAYS_EMBED_SWIFT_STANDARD_LIBRARIES = YES;
				BUNDLE_LOADER = "$(TEST_HOST)";
				CODE_SIGN_STYLE = Automatic;
				DEVELOPMENT_TEAM = VLLH384AC4;
				INFOPLIST_FILE = WubbaLubbaDubDubTests/Info.plist;
				LD_RUNPATH_SEARCH_PATHS = (
					"$(inherited)",
					"@executable_path/Frameworks",
					"@loader_path/Frameworks",
				);
				PRODUCT_BUNDLE_IDENTIFIER = br.mackmobile.Paciulli.WubbaLubbaDubDubTests;
				PRODUCT_NAME = "$(TARGET_NAME)";
				SWIFT_VERSION = 4.2;
				TARGETED_DEVICE_FAMILY = "1,2";
				TEST_HOST = "$(BUILT_PRODUCTS_DIR)/WubbaLubbaDubDub.app/WubbaLubbaDubDub";
			};
			name = Release;
		};
		BD2190CC21BEE00200AC7EA2 /* Debug */ = {
			isa = XCBuildConfiguration;
			baseConfigurationReference = B8658374C3FDD434005D014B /* Pods-WubbaLubbaDubDubUITests.debug.xcconfig */;
			buildSettings = {
				ALWAYS_EMBED_SWIFT_STANDARD_LIBRARIES = YES;
				CODE_SIGN_STYLE = Automatic;
				DEVELOPMENT_TEAM = VLLH384AC4;
				INFOPLIST_FILE = WubbaLubbaDubDubUITests/Info.plist;
				LD_RUNPATH_SEARCH_PATHS = (
					"$(inherited)",
					"@executable_path/Frameworks",
					"@loader_path/Frameworks",
				);
				PRODUCT_BUNDLE_IDENTIFIER = br.mackmobile.Paciulli.WubbaLubbaDubDubUITests;
				PRODUCT_NAME = "$(TARGET_NAME)";
				SWIFT_VERSION = 4.2;
				TARGETED_DEVICE_FAMILY = "1,2";
				TEST_TARGET_NAME = WubbaLubbaDubDub;
			};
			name = Debug;
		};
		BD2190CD21BEE00200AC7EA2 /* Release */ = {
			isa = XCBuildConfiguration;
			baseConfigurationReference = FE2A1BCF36A3B55D3C5ACC4C /* Pods-WubbaLubbaDubDubUITests.release.xcconfig */;
			buildSettings = {
				ALWAYS_EMBED_SWIFT_STANDARD_LIBRARIES = YES;
				CODE_SIGN_STYLE = Automatic;
				DEVELOPMENT_TEAM = VLLH384AC4;
				INFOPLIST_FILE = WubbaLubbaDubDubUITests/Info.plist;
				LD_RUNPATH_SEARCH_PATHS = (
					"$(inherited)",
					"@executable_path/Frameworks",
					"@loader_path/Frameworks",
				);
				PRODUCT_BUNDLE_IDENTIFIER = br.mackmobile.Paciulli.WubbaLubbaDubDubUITests;
				PRODUCT_NAME = "$(TARGET_NAME)";
				SWIFT_VERSION = 4.2;
				TARGETED_DEVICE_FAMILY = "1,2";
				TEST_TARGET_NAME = WubbaLubbaDubDub;
			};
			name = Release;
		};
/* End XCBuildConfiguration section */

/* Begin XCConfigurationList section */
		BD21909521BEE00000AC7EA2 /* Build configuration list for PBXProject "WubbaLubbaDubDub" */ = {
			isa = XCConfigurationList;
			buildConfigurations = (
				BD2190C321BEE00200AC7EA2 /* Debug */,
				BD2190C421BEE00200AC7EA2 /* Release */,
			);
			defaultConfigurationIsVisible = 0;
			defaultConfigurationName = Release;
		};
		BD2190C521BEE00200AC7EA2 /* Build configuration list for PBXNativeTarget "WubbaLubbaDubDub" */ = {
			isa = XCConfigurationList;
			buildConfigurations = (
				BD2190C621BEE00200AC7EA2 /* Debug */,
				BD2190C721BEE00200AC7EA2 /* Release */,
			);
			defaultConfigurationIsVisible = 0;
			defaultConfigurationName = Release;
		};
		BD2190C821BEE00200AC7EA2 /* Build configuration list for PBXNativeTarget "WubbaLubbaDubDubTests" */ = {
			isa = XCConfigurationList;
			buildConfigurations = (
				BD2190C921BEE00200AC7EA2 /* Debug */,
				BD2190CA21BEE00200AC7EA2 /* Release */,
			);
			defaultConfigurationIsVisible = 0;
			defaultConfigurationName = Release;
		};
		BD2190CB21BEE00200AC7EA2 /* Build configuration list for PBXNativeTarget "WubbaLubbaDubDubUITests" */ = {
			isa = XCConfigurationList;
			buildConfigurations = (
				BD2190CC21BEE00200AC7EA2 /* Debug */,
				BD2190CD21BEE00200AC7EA2 /* Release */,
			);
			defaultConfigurationIsVisible = 0;
			defaultConfigurationName = Release;
		};
/* End XCConfigurationList section */

/* Begin XCVersionGroup section */
		BD2190A421BEE00000AC7EA2 /* WubbaLubbaDubDub.xcdatamodeld */ = {
			isa = XCVersionGroup;
			children = (
				BD2190A521BEE00000AC7EA2 /* WubbaLubbaDubDub.xcdatamodel */,
			);
			currentVersion = BD2190A521BEE00000AC7EA2 /* WubbaLubbaDubDub.xcdatamodel */;
			path = WubbaLubbaDubDub.xcdatamodeld;
			sourceTree = "<group>";
			versionGroupType = wrapper.xcdatamodel;
		};
/* End XCVersionGroup section */
	};
	rootObject = BD21909221BEE00000AC7EA2 /* Project object */;
}
